
Microsoft Visual Studio Solution File, Format Version 12.00
# Visual Studio Version 16
VisualStudioVersion = 16.0.31129.286
MinimumVisualStudioVersion = 10.0.40219.1
Project("{9A19103F-16F7-4668-BE54-9A1E7A4F7556}") = "LatestNewsWeb", "LatestNewsWeb\LatestNewsWeb.csproj", "{8BE46535-E420-45F4-AE5E-BACA3F3FC12F}"
EndProject
Project("{9A19103F-16F7-4668-BE54-9A1E7A4F7556}") = "Services", "Services\Services.csproj", "{99479DB6-1DE5-4D2A-A7DC-B5952176EDD8}"
EndProject
Project("{9A19103F-16F7-4668-BE54-9A1E7A4F7556}") = "Repositories", "Repositories\Repositories.csproj", "{351503A5-97B4-40FF-9091-6AE68ADE7DC3}"
EndProject
Project("{9A19103F-16F7-4668-BE54-9A1E7A4F7556}") = "Infra", "Infra\Infra.csproj", "{A3B2CD29-528A-46FA-9973-1C1548C0D72C}"
EndProject
Global
	GlobalSection(SolutionConfigurationPlatforms) = preSolution
		Debug|Any CPU = Debug|Any CPU
		Release|Any CPU = Release|Any CPU
	EndGlobalSection
	GlobalSection(ProjectConfigurationPlatforms) = postSolution
		{8BE46535-E420-45F4-AE5E-BACA3F3FC12F}.Debug|Any CPU.ActiveCfg = Debug|Any CPU
		{8BE46535-E420-45F4-AE5E-BACA3F3FC12F}.Debug|Any CPU.Build.0 = Debug|Any CPU
		{8BE46535-E420-45F4-AE5E-BACA3F3FC12F}.Release|Any CPU.ActiveCfg = Release|Any CPU
		{8BE46535-E420-45F4-AE5E-BACA3F3FC12F}.Release|Any CPU.Build.0 = Release|Any CPU
		{99479DB6-1DE5-4D2A-A7DC-B5952176EDD8}.Debug|Any CPU.ActiveCfg = Debug|Any CPU
		{99479DB6-1DE5-4D2A-A7DC-B5952176EDD8}.Debug|Any CPU.Build.0 = Debug|Any CPU
		{99479DB6-1DE5-4D2A-A7DC-B5952176EDD8}.Release|Any CPU.ActiveCfg = Release|Any CPU
		{99479DB6-1DE5-4D2A-A7DC-B5952176EDD8}.Release|Any CPU.Build.0 = Release|Any CPU
		{351503A5-97B4-40FF-9091-6AE68ADE7DC3}.Debug|Any CPU.ActiveCfg = Debug|Any CPU
		{351503A5-97B4-40FF-9091-6AE68ADE7DC3}.Debug|Any CPU.Build.0 = Debug|Any CPU
		{351503A5-97B4-40FF-9091-6AE68ADE7DC3}.Release|Any CPU.ActiveCfg = Release|Any CPU
		{351503A5-97B4-40FF-9091-6AE68ADE7DC3}.Release|Any CPU.Build.0 = Release|Any CPU
		{A3B2CD29-528A-46FA-9973-1C1548C0D72C}.Debug|Any CPU.ActiveCfg = Debug|Any CPU
		{A3B2CD29-528A-46FA-9973-1C1548C0D72C}.Debug|Any CPU.Build.0 = Debug|Any CPU
		{A3B2CD29-528A-46FA-9973-1C1548C0D72C}.Release|Any CPU.ActiveCfg = Release|Any CPU
		{A3B2CD29-528A-46FA-9973-1C1548C0D72C}.Release|Any CPU.Build.0 = Release|Any CPU
	EndGlobalSection
	GlobalSection(SolutionProperties) = preSolution
		HideSolutionNode = FALSE
	EndGlobalSection
	GlobalSection(ExtensibilityGlobals) = postSolution
		SolutionGuid = {F76F6942-7E0C-4564-A6CA-4C262A298006}
	EndGlobalSection
EndGlobal
